// !$*UTF8*$!
{
	archiveVersion = 1;
	classes = {
	};
	objectVersion = 46;
	objects = {

/* Begin PBXBuildFile section */
		C681653F1C1D363A00E026EE /* ZHUser.swift in Sources */ = {isa = PBXBuildFile; fileRef = C681653E1C1D363A00E026EE /* ZHUser.swift */; };
		C68165461C1E024A00E026EE /* ZHUserCollectionViewCell.swift in Sources */ = {isa = PBXBuildFile; fileRef = C68165451C1E024A00E026EE /* ZHUserCollectionViewCell.swift */; };
		C68165471C1E05C500E026EE /* ZHUser.swift in Sources */ = {isa = PBXBuildFile; fileRef = C681653E1C1D363A00E026EE /* ZHUser.swift */; };
		C681654B1C1F47D400E026EE /* links.txt in Resources */ = {isa = PBXBuildFile; fileRef = C681654A1C1F47D400E026EE /* links.txt */; };
		C696A8861C1CFC75000333DA /* AppDelegate.swift in Sources */ = {isa = PBXBuildFile; fileRef = C696A8851C1CFC75000333DA /* AppDelegate.swift */; };
		C696A8881C1CFC75000333DA /* ViewController.swift in Sources */ = {isa = PBXBuildFile; fileRef = C696A8871C1CFC75000333DA /* ViewController.swift */; };
		C696A88B1C1CFC75000333DA /* Main.storyboard in Resources */ = {isa = PBXBuildFile; fileRef = C696A8891C1CFC75000333DA /* Main.storyboard */; };
		C696A88D1C1CFC75000333DA /* Assets.xcassets in Resources */ = {isa = PBXBuildFile; fileRef = C696A88C1C1CFC75000333DA /* Assets.xcassets */; };
		C696A8901C1CFC75000333DA /* LaunchScreen.storyboard in Resources */ = {isa = PBXBuildFile; fileRef = C696A88E1C1CFC75000333DA /* LaunchScreen.storyboard */; };
		C696A89B1C1CFC75000333DA /* ZHGameIOSTests.swift in Sources */ = {isa = PBXBuildFile; fileRef = C696A89A1C1CFC75000333DA /* ZHGameIOSTests.swift */; };
		C696A8A61C1CFC75000333DA /* ZHGameIOSUITests.swift in Sources */ = {isa = PBXBuildFile; fileRef = C696A8A51C1CFC75000333DA /* ZHGameIOSUITests.swift */; };
		C696A8BA1C1CFC88000333DA /* AppDelegate.swift in Sources */ = {isa = PBXBuildFile; fileRef = C696A8B91C1CFC88000333DA /* AppDelegate.swift */; };
		C696A8BC1C1CFC88000333DA /* ViewController.swift in Sources */ = {isa = PBXBuildFile; fileRef = C696A8BB1C1CFC88000333DA /* ViewController.swift */; };
		C696A8BF1C1CFC88000333DA /* Main.storyboard in Resources */ = {isa = PBXBuildFile; fileRef = C696A8BD1C1CFC88000333DA /* Main.storyboard */; };
		C696A8C11C1CFC88000333DA /* Assets.xcassets in Resources */ = {isa = PBXBuildFile; fileRef = C696A8C01C1CFC88000333DA /* Assets.xcassets */; };
		C696A8CC1C1CFC88000333DA /* ZHGameTVOSTests.swift in Sources */ = {isa = PBXBuildFile; fileRef = C696A8CB1C1CFC88000333DA /* ZHGameTVOSTests.swift */; };
		C696A8D71C1CFC88000333DA /* ZHGameTVOSUITests.swift in Sources */ = {isa = PBXBuildFile; fileRef = C696A8D61C1CFC88000333DA /* ZHGameTVOSUITests.swift */; };
		C69843A81C543DC900481220 /* ZHSession.swift in Sources */ = {isa = PBXBuildFile; fileRef = C69843A71C543DC900481220 /* ZHSession.swift */; };
		C69843AA1C543FE100481220 /* ZHSessionUserInfoTransfer.swift in Sources */ = {isa = PBXBuildFile; fileRef = C69843A91C543FE100481220 /* ZHSessionUserInfoTransfer.swift */; };
		C69843AC1C543FF400481220 /* ZHSessionFileTransfer.swift in Sources */ = {isa = PBXBuildFile; fileRef = C69843AB1C543FF400481220 /* ZHSessionFileTransfer.swift */; };
		C69843AE1C5477E600481220 /* ZHSessionFile.swift in Sources */ = {isa = PBXBuildFile; fileRef = C69843AD1C5477E600481220 /* ZHSessionFile.swift */; };
		C69843B21C54799500481220 /* ZHSessionClient.swift in Sources */ = {isa = PBXBuildFile; fileRef = C69843B11C54799500481220 /* ZHSessionClient.swift */; };
		C6F91A0B1C3F3B8900483FAD /* AppDelegate.swift in Sources */ = {isa = PBXBuildFile; fileRef = C6F91A0A1C3F3B8900483FAD /* AppDelegate.swift */; };
		C6F91A0D1C3F3B8900483FAD /* ViewController.swift in Sources */ = {isa = PBXBuildFile; fileRef = C6F91A0C1C3F3B8900483FAD /* ViewController.swift */; };
		C6F91A0F1C3F3B8900483FAD /* Assets.xcassets in Resources */ = {isa = PBXBuildFile; fileRef = C6F91A0E1C3F3B8900483FAD /* Assets.xcassets */; };
		C6F91A121C3F3B8900483FAD /* Main.storyboard in Resources */ = {isa = PBXBuildFile; fileRef = C6F91A101C3F3B8900483FAD /* Main.storyboard */; };
		C6F91A1D1C3F3B8A00483FAD /* ZHGameOSXTests.swift in Sources */ = {isa = PBXBuildFile; fileRef = C6F91A1C1C3F3B8A00483FAD /* ZHGameOSXTests.swift */; };
		C6F91A281C3F3B8A00483FAD /* ZHGameOSXUITests.swift in Sources */ = {isa = PBXBuildFile; fileRef = C6F91A271C3F3B8A00483FAD /* ZHGameOSXUITests.swift */; };
		C6F91A361C3F423F00483FAD /* ZHUser.swift in Sources */ = {isa = PBXBuildFile; fileRef = C681653E1C1D363A00E026EE /* ZHUser.swift */; };
		C6F91A3D1C3F662000483FAD /* ZHBonjourTCPServer.swift in Sources */ = {isa = PBXBuildFile; fileRef = C6F91A3B1C3F662000483FAD /* ZHBonjourTCPServer.swift */; };
		C6F91A3E1C3F662000483FAD /* ZHBonjourTCPClient.swift in Sources */ = {isa = PBXBuildFile; fileRef = C6F91A3C1C3F662000483FAD /* ZHBonjourTCPClient.swift */; };
		C6F91A3F1C3F67C500483FAD /* ZHBonjourTCPServer.swift in Sources */ = {isa = PBXBuildFile; fileRef = C6F91A3B1C3F662000483FAD /* ZHBonjourTCPServer.swift */; };
		C6F91A401C3F67C500483FAD /* ZHBonjourTCPClient.swift in Sources */ = {isa = PBXBuildFile; fileRef = C6F91A3C1C3F662000483FAD /* ZHBonjourTCPClient.swift */; };
		C6F91A411C3F67C600483FAD /* ZHBonjourTCPServer.swift in Sources */ = {isa = PBXBuildFile; fileRef = C6F91A3B1C3F662000483FAD /* ZHBonjourTCPServer.swift */; };
		C6F91A421C3F67C600483FAD /* ZHBonjourTCPClient.swift in Sources */ = {isa = PBXBuildFile; fileRef = C6F91A3C1C3F662000483FAD /* ZHBonjourTCPClient.swift */; };
		C6F91A441C3F696200483FAD /* ZHBonjourTCP.swift in Sources */ = {isa = PBXBuildFile; fileRef = C6F91A431C3F696200483FAD /* ZHBonjourTCP.swift */; };
		C6F91A451C3F698100483FAD /* ZHBonjourTCP.swift in Sources */ = {isa = PBXBuildFile; fileRef = C6F91A431C3F696200483FAD /* ZHBonjourTCP.swift */; };
		C6F91A461C3F698200483FAD /* ZHBonjourTCP.swift in Sources */ = {isa = PBXBuildFile; fileRef = C6F91A431C3F696200483FAD /* ZHBonjourTCP.swift */; };
		DDBE891D1E49C025024DFBEF /* Pods.framework in Frameworks */ = {isa = PBXBuildFile; fileRef = 4FD0A853636346B9C5670B9E /* Pods.framework */; };
/* End PBXBuildFile section */

/* Begin PBXContainerItemProxy section */
		C696A8971C1CFC75000333DA /* PBXContainerItemProxy */ = {
			isa = PBXContainerItemProxy;
			containerPortal = C696A87A1C1CFC75000333DA /* Project object */;
			proxyType = 1;
			remoteGlobalIDString = C696A8811C1CFC75000333DA;
			remoteInfo = ZHGameIOS;
		};
		C696A8A21C1CFC75000333DA /* PBXContainerItemProxy */ = {
			isa = PBXContainerItemProxy;
			containerPortal = C696A87A1C1CFC75000333DA /* Project object */;
			proxyType = 1;
			remoteGlobalIDString = C696A8811C1CFC75000333DA;
			remoteInfo = ZHGameIOS;
		};
		C696A8C81C1CFC88000333DA /* PBXContainerItemProxy */ = {
			isa = PBXContainerItemProxy;
			containerPortal = C696A87A1C1CFC75000333DA /* Project object */;
			proxyType = 1;
			remoteGlobalIDString = C696A8B61C1CFC88000333DA;
			remoteInfo = ZHGameTVOS;
		};
		C696A8D31C1CFC88000333DA /* PBXContainerItemProxy */ = {
			isa = PBXContainerItemProxy;
			containerPortal = C696A87A1C1CFC75000333DA /* Project object */;
			proxyType = 1;
			remoteGlobalIDString = C696A8B61C1CFC88000333DA;
			remoteInfo = ZHGameTVOS;
		};
		C6F91A191C3F3B8A00483FAD /* PBXContainerItemProxy */ = {
			isa = PBXContainerItemProxy;
			containerPortal = C696A87A1C1CFC75000333DA /* Project object */;
			proxyType = 1;
			remoteGlobalIDString = C6F91A071C3F3B8900483FAD;
			remoteInfo = ZHGameOSX;
		};
		C6F91A241C3F3B8A00483FAD /* PBXContainerItemProxy */ = {
			isa = PBXContainerItemProxy;
			containerPortal = C696A87A1C1CFC75000333DA /* Project object */;
			proxyType = 1;
			remoteGlobalIDString = C6F91A071C3F3B8900483FAD;
			remoteInfo = ZHGameOSX;
		};
/* End PBXContainerItemProxy section */

/* Begin PBXFileReference section */
		294369E0729BD0D981F6C62A /* Pods.release.xcconfig */ = {isa = PBXFileReference; includeInIndex = 1; lastKnownFileType = text.xcconfig; name = Pods.release.xcconfig; path = "Pods/Target Support Files/Pods/Pods.release.xcconfig"; sourceTree = "<group>"; };
		4FD0A853636346B9C5670B9E /* Pods.framework */ = {isa = PBXFileReference; explicitFileType = wrapper.framework; includeInIndex = 0; path = Pods.framework; sourceTree = BUILT_PRODUCTS_DIR; };
		5101F19F93936F49FC316499 /* Pods.debug.xcconfig */ = {isa = PBXFileReference; includeInIndex = 1; lastKnownFileType = text.xcconfig; name = Pods.debug.xcconfig; path = "Pods/Target Support Files/Pods/Pods.debug.xcconfig"; sourceTree = "<group>"; };
		C681653E1C1D363A00E026EE /* ZHUser.swift */ = {isa = PBXFileReference; fileEncoding = 4; lastKnownFileType = sourcecode.swift; path = ZHUser.swift; sourceTree = "<group>"; };
		C68165451C1E024A00E026EE /* ZHUserCollectionViewCell.swift */ = {isa = PBXFileReference; fileEncoding = 4; lastKnownFileType = sourcecode.swift; path = ZHUserCollectionViewCell.swift; sourceTree = "<group>"; };
		C681654A1C1F47D400E026EE /* links.txt */ = {isa = PBXFileReference; fileEncoding = 4; lastKnownFileType = text; path = links.txt; sourceTree = "<group>"; };
		C696A8821C1CFC75000333DA /* ZHGameIOS.app */ = {isa = PBXFileReference; explicitFileType = wrapper.application; includeInIndex = 0; path = ZHGameIOS.app; sourceTree = BUILT_PRODUCTS_DIR; };
		C696A8851C1CFC75000333DA /* AppDelegate.swift */ = {isa = PBXFileReference; lastKnownFileType = sourcecode.swift; path = AppDelegate.swift; sourceTree = "<group>"; };
		C696A8871C1CFC75000333DA /* ViewController.swift */ = {isa = PBXFileReference; lastKnownFileType = sourcecode.swift; path = ViewController.swift; sourceTree = "<group>"; };
		C696A88A1C1CFC75000333DA /* Base */ = {isa = PBXFileReference; lastKnownFileType = file.storyboard; name = Base; path = Base.lproj/Main.storyboard; sourceTree = "<group>"; };
		C696A88C1C1CFC75000333DA /* Assets.xcassets */ = {isa = PBXFileReference; lastKnownFileType = folder.assetcatalog; path = Assets.xcassets; sourceTree = "<group>"; };
		C696A88F1C1CFC75000333DA /* Base */ = {isa = PBXFileReference; lastKnownFileType = file.storyboard; name = Base; path = Base.lproj/LaunchScreen.storyboard; sourceTree = "<group>"; };
		C696A8911C1CFC75000333DA /* Info.plist */ = {isa = PBXFileReference; lastKnownFileType = text.plist.xml; path = Info.plist; sourceTree = "<group>"; };
		C696A8961C1CFC75000333DA /* ZHGameIOSTests.xctest */ = {isa = PBXFileReference; explicitFileType = wrapper.cfbundle; includeInIndex = 0; path = ZHGameIOSTests.xctest; sourceTree = BUILT_PRODUCTS_DIR; };
		C696A89A1C1CFC75000333DA /* ZHGameIOSTests.swift */ = {isa = PBXFileReference; lastKnownFileType = sourcecode.swift; path = ZHGameIOSTests.swift; sourceTree = "<group>"; };
		C696A89C1C1CFC75000333DA /* Info.plist */ = {isa = PBXFileReference; lastKnownFileType = text.plist.xml; path = Info.plist; sourceTree = "<group>"; };
		C696A8A11C1CFC75000333DA /* ZHGameIOSUITests.xctest */ = {isa = PBXFileReference; explicitFileType = wrapper.cfbundle; includeInIndex = 0; path = ZHGameIOSUITests.xctest; sourceTree = BUILT_PRODUCTS_DIR; };
		C696A8A51C1CFC75000333DA /* ZHGameIOSUITests.swift */ = {isa = PBXFileReference; lastKnownFileType = sourcecode.swift; path = ZHGameIOSUITests.swift; sourceTree = "<group>"; };
		C696A8A71C1CFC75000333DA /* Info.plist */ = {isa = PBXFileReference; lastKnownFileType = text.plist.xml; path = Info.plist; sourceTree = "<group>"; };
		C696A8B71C1CFC88000333DA /* ZHGameTVOS.app */ = {isa = PBXFileReference; explicitFileType = wrapper.application; includeInIndex = 0; path = ZHGameTVOS.app; sourceTree = BUILT_PRODUCTS_DIR; };
		C696A8B91C1CFC88000333DA /* AppDelegate.swift */ = {isa = PBXFileReference; lastKnownFileType = sourcecode.swift; path = AppDelegate.swift; sourceTree = "<group>"; };
		C696A8BB1C1CFC88000333DA /* ViewController.swift */ = {isa = PBXFileReference; lastKnownFileType = sourcecode.swift; path = ViewController.swift; sourceTree = "<group>"; };
		C696A8BE1C1CFC88000333DA /* Base */ = {isa = PBXFileReference; lastKnownFileType = file.storyboard; name = Base; path = Base.lproj/Main.storyboard; sourceTree = "<group>"; };
		C696A8C01C1CFC88000333DA /* Assets.xcassets */ = {isa = PBXFileReference; lastKnownFileType = folder.assetcatalog; path = Assets.xcassets; sourceTree = "<group>"; };
		C696A8C21C1CFC88000333DA /* Info.plist */ = {isa = PBXFileReference; lastKnownFileType = text.plist.xml; path = Info.plist; sourceTree = "<group>"; };
		C696A8C71C1CFC88000333DA /* ZHGameTVOSTests.xctest */ = {isa = PBXFileReference; explicitFileType = wrapper.cfbundle; includeInIndex = 0; path = ZHGameTVOSTests.xctest; sourceTree = BUILT_PRODUCTS_DIR; };
		C696A8CB1C1CFC88000333DA /* ZHGameTVOSTests.swift */ = {isa = PBXFileReference; lastKnownFileType = sourcecode.swift; path = ZHGameTVOSTests.swift; sourceTree = "<group>"; };
		C696A8CD1C1CFC88000333DA /* Info.plist */ = {isa = PBXFileReference; lastKnownFileType = text.plist.xml; path = Info.plist; sourceTree = "<group>"; };
		C696A8D21C1CFC88000333DA /* ZHGameTVOSUITests.xctest */ = {isa = PBXFileReference; explicitFileType = wrapper.cfbundle; includeInIndex = 0; path = ZHGameTVOSUITests.xctest; sourceTree = BUILT_PRODUCTS_DIR; };
		C696A8D61C1CFC88000333DA /* ZHGameTVOSUITests.swift */ = {isa = PBXFileReference; lastKnownFileType = sourcecode.swift; path = ZHGameTVOSUITests.swift; sourceTree = "<group>"; };
		C696A8D81C1CFC88000333DA /* Info.plist */ = {isa = PBXFileReference; lastKnownFileType = text.plist.xml; path = Info.plist; sourceTree = "<group>"; };
		C69843A71C543DC900481220 /* ZHSession.swift */ = {isa = PBXFileReference; fileEncoding = 4; lastKnownFileType = sourcecode.swift; path = ZHSession.swift; sourceTree = "<group>"; };
		C69843A91C543FE100481220 /* ZHSessionUserInfoTransfer.swift */ = {isa = PBXFileReference; fileEncoding = 4; lastKnownFileType = sourcecode.swift; path = ZHSessionUserInfoTransfer.swift; sourceTree = "<group>"; };
		C69843AB1C543FF400481220 /* ZHSessionFileTransfer.swift */ = {isa = PBXFileReference; fileEncoding = 4; lastKnownFileType = sourcecode.swift; path = ZHSessionFileTransfer.swift; sourceTree = "<group>"; };
		C69843AD1C5477E600481220 /* ZHSessionFile.swift */ = {isa = PBXFileReference; fileEncoding = 4; lastKnownFileType = sourcecode.swift; path = ZHSessionFile.swift; sourceTree = "<group>"; };
		C69843B11C54799500481220 /* ZHSessionClient.swift */ = {isa = PBXFileReference; fileEncoding = 4; lastKnownFileType = sourcecode.swift; path = ZHSessionClient.swift; sourceTree = "<group>"; };
		C6F91A081C3F3B8900483FAD /* ZHGameOSX.app */ = {isa = PBXFileReference; explicitFileType = wrapper.application; includeInIndex = 0; path = ZHGameOSX.app; sourceTree = BUILT_PRODUCTS_DIR; };
		C6F91A0A1C3F3B8900483FAD /* AppDelegate.swift */ = {isa = PBXFileReference; lastKnownFileType = sourcecode.swift; path = AppDelegate.swift; sourceTree = "<group>"; };
		C6F91A0C1C3F3B8900483FAD /* ViewController.swift */ = {isa = PBXFileReference; lastKnownFileType = sourcecode.swift; path = ViewController.swift; sourceTree = "<group>"; };
		C6F91A0E1C3F3B8900483FAD /* Assets.xcassets */ = {isa = PBXFileReference; lastKnownFileType = folder.assetcatalog; path = Assets.xcassets; sourceTree = "<group>"; };
		C6F91A111C3F3B8900483FAD /* Base */ = {isa = PBXFileReference; lastKnownFileType = file.storyboard; name = Base; path = Base.lproj/Main.storyboard; sourceTree = "<group>"; };
		C6F91A131C3F3B8900483FAD /* Info.plist */ = {isa = PBXFileReference; lastKnownFileType = text.plist.xml; path = Info.plist; sourceTree = "<group>"; };
		C6F91A181C3F3B8A00483FAD /* ZHGameOSXTests.xctest */ = {isa = PBXFileReference; explicitFileType = wrapper.cfbundle; includeInIndex = 0; path = ZHGameOSXTests.xctest; sourceTree = BUILT_PRODUCTS_DIR; };
		C6F91A1C1C3F3B8A00483FAD /* ZHGameOSXTests.swift */ = {isa = PBXFileReference; lastKnownFileType = sourcecode.swift; path = ZHGameOSXTests.swift; sourceTree = "<group>"; };
		C6F91A1E1C3F3B8A00483FAD /* Info.plist */ = {isa = PBXFileReference; lastKnownFileType = text.plist.xml; path = Info.plist; sourceTree = "<group>"; };
		C6F91A231C3F3B8A00483FAD /* ZHGameOSXUITests.xctest */ = {isa = PBXFileReference; explicitFileType = wrapper.cfbundle; includeInIndex = 0; path = ZHGameOSXUITests.xctest; sourceTree = BUILT_PRODUCTS_DIR; };
		C6F91A271C3F3B8A00483FAD /* ZHGameOSXUITests.swift */ = {isa = PBXFileReference; lastKnownFileType = sourcecode.swift; path = ZHGameOSXUITests.swift; sourceTree = "<group>"; };
		C6F91A291C3F3B8A00483FAD /* Info.plist */ = {isa = PBXFileReference; lastKnownFileType = text.plist.xml; path = Info.plist; sourceTree = "<group>"; };
		C6F91A3B1C3F662000483FAD /* ZHBonjourTCPServer.swift */ = {isa = PBXFileReference; fileEncoding = 4; lastKnownFileType = sourcecode.swift; name = ZHBonjourTCPServer.swift; path = BonjourTCP/Shared/ZHBonjourTCPServer.swift; sourceTree = "<group>"; };
		C6F91A3C1C3F662000483FAD /* ZHBonjourTCPClient.swift */ = {isa = PBXFileReference; fileEncoding = 4; lastKnownFileType = sourcecode.swift; name = ZHBonjourTCPClient.swift; path = BonjourTCP/Shared/ZHBonjourTCPClient.swift; sourceTree = "<group>"; };
		C6F91A431C3F696200483FAD /* ZHBonjourTCP.swift */ = {isa = PBXFileReference; fileEncoding = 4; lastKnownFileType = sourcecode.swift; path = ZHBonjourTCP.swift; sourceTree = "<group>"; };
/* End PBXFileReference section */

/* Begin PBXFrameworksBuildPhase section */
		C696A87F1C1CFC75000333DA /* Frameworks */ = {
			isa = PBXFrameworksBuildPhase;
			buildActionMask = 2147483647;
			files = (
				DDBE891D1E49C025024DFBEF /* Pods.framework in Frameworks */,
			);
			runOnlyForDeploymentPostprocessing = 0;
		};
		C696A8931C1CFC75000333DA /* Frameworks */ = {
			isa = PBXFrameworksBuildPhase;
			buildActionMask = 2147483647;
			files = (
			);
			runOnlyForDeploymentPostprocessing = 0;
		};
		C696A89E1C1CFC75000333DA /* Frameworks */ = {
			isa = PBXFrameworksBuildPhase;
			buildActionMask = 2147483647;
			files = (
			);
			runOnlyForDeploymentPostprocessing = 0;
		};
		C696A8B41C1CFC88000333DA /* Frameworks */ = {
			isa = PBXFrameworksBuildPhase;
			buildActionMask = 2147483647;
			files = (
			);
			runOnlyForDeploymentPostprocessing = 0;
		};
		C696A8C41C1CFC88000333DA /* Frameworks */ = {
			isa = PBXFrameworksBuildPhase;
			buildActionMask = 2147483647;
			files = (
			);
			runOnlyForDeploymentPostprocessing = 0;
		};
		C696A8CF1C1CFC88000333DA /* Frameworks */ = {
			isa = PBXFrameworksBuildPhase;
			buildActionMask = 2147483647;
			files = (
			);
			runOnlyForDeploymentPostprocessing = 0;
		};
		C6F91A051C3F3B8900483FAD /* Frameworks */ = {
			isa = PBXFrameworksBuildPhase;
			buildActionMask = 2147483647;
			files = (
			);
			runOnlyForDeploymentPostprocessing = 0;
		};
		C6F91A151C3F3B8A00483FAD /* Frameworks */ = {
			isa = PBXFrameworksBuildPhase;
			buildActionMask = 2147483647;
			files = (
			);
			runOnlyForDeploymentPostprocessing = 0;
		};
		C6F91A201C3F3B8A00483FAD /* Frameworks */ = {
			isa = PBXFrameworksBuildPhase;
			buildActionMask = 2147483647;
			files = (
			);
			runOnlyForDeploymentPostprocessing = 0;
		};
/* End PBXFrameworksBuildPhase section */

/* Begin PBXGroup section */
		4628D3F9D2C9E431A5AB82CC /* Pods */ = {
			isa = PBXGroup;
			children = (
				5101F19F93936F49FC316499 /* Pods.debug.xcconfig */,
				294369E0729BD0D981F6C62A /* Pods.release.xcconfig */,
			);
			name = Pods;
			sourceTree = "<group>";
		};
		875AE3B8453FFDAC339CD08B /* Frameworks */ = {
			isa = PBXGroup;
			children = (
				4FD0A853636346B9C5670B9E /* Pods.framework */,
			);
			name = Frameworks;
			sourceTree = "<group>";
		};
		C68165401C1DFF7B00E026EE /* Networking */ = {
			isa = PBXGroup;
			children = (
				C6F91A431C3F696200483FAD /* ZHBonjourTCP.swift */,
				C6F91A3B1C3F662000483FAD /* ZHBonjourTCPServer.swift */,
				C6F91A3C1C3F662000483FAD /* ZHBonjourTCPClient.swift */,
				C681654A1C1F47D400E026EE /* links.txt */,
				C69843A71C543DC900481220 /* ZHSession.swift */,
				C69843A91C543FE100481220 /* ZHSessionUserInfoTransfer.swift */,
				C69843AB1C543FF400481220 /* ZHSessionFileTransfer.swift */,
				C69843AD1C5477E600481220 /* ZHSessionFile.swift */,
				C69843B11C54799500481220 /* ZHSessionClient.swift */,
			);
			name = Networking;
			sourceTree = "<group>";
		};
		C68165411C1DFF8B00E026EE /* Model */ = {
			isa = PBXGroup;
			children = (
				C681653E1C1D363A00E026EE /* ZHUser.swift */,
			);
			name = Model;
			sourceTree = "<group>";
		};
		C696A8791C1CFC75000333DA = {
			isa = PBXGroup;
			children = (
				C696A8E21C1CFCD3000333DA /* ZHGameShared */,
				C696A8841C1CFC75000333DA /* ZHGameIOS */,
				C696A8B81C1CFC88000333DA /* ZHGameTVOS */,
				C6F91A091C3F3B8900483FAD /* ZHGameOSX */,
				C696A8991C1CFC75000333DA /* ZHGameIOSTests */,
				C696A8A41C1CFC75000333DA /* ZHGameIOSUITests */,
				C696A8CA1C1CFC88000333DA /* ZHGameTVOSTests */,
				C696A8D51C1CFC88000333DA /* ZHGameTVOSUITests */,
				C6F91A1B1C3F3B8A00483FAD /* ZHGameOSXTests */,
				C6F91A261C3F3B8A00483FAD /* ZHGameOSXUITests */,
				C696A8831C1CFC75000333DA /* Products */,
				4628D3F9D2C9E431A5AB82CC /* Pods */,
				875AE3B8453FFDAC339CD08B /* Frameworks */,
			);
			sourceTree = "<group>";
		};
		C696A8831C1CFC75000333DA /* Products */ = {
			isa = PBXGroup;
			children = (
				C696A8821C1CFC75000333DA /* ZHGameIOS.app */,
				C696A8961C1CFC75000333DA /* ZHGameIOSTests.xctest */,
				C696A8A11C1CFC75000333DA /* ZHGameIOSUITests.xctest */,
				C696A8B71C1CFC88000333DA /* ZHGameTVOS.app */,
				C696A8C71C1CFC88000333DA /* ZHGameTVOSTests.xctest */,
				C696A8D21C1CFC88000333DA /* ZHGameTVOSUITests.xctest */,
				C6F91A081C3F3B8900483FAD /* ZHGameOSX.app */,
				C6F91A181C3F3B8A00483FAD /* ZHGameOSXTests.xctest */,
				C6F91A231C3F3B8A00483FAD /* ZHGameOSXUITests.xctest */,
			);
			name = Products;
			sourceTree = "<group>";
		};
		C696A8841C1CFC75000333DA /* ZHGameIOS */ = {
			isa = PBXGroup;
			children = (
				C696A8851C1CFC75000333DA /* AppDelegate.swift */,
				C696A8871C1CFC75000333DA /* ViewController.swift */,
				C696A8891C1CFC75000333DA /* Main.storyboard */,
				C696A88C1C1CFC75000333DA /* Assets.xcassets */,
				C696A88E1C1CFC75000333DA /* LaunchScreen.storyboard */,
				C696A8911C1CFC75000333DA /* Info.plist */,
			);
			path = ZHGameIOS;
			sourceTree = "<group>";
		};
		C696A8991C1CFC75000333DA /* ZHGameIOSTests */ = {
			isa = PBXGroup;
			children = (
				C696A89A1C1CFC75000333DA /* ZHGameIOSTests.swift */,
				C696A89C1C1CFC75000333DA /* Info.plist */,
			);
			path = ZHGameIOSTests;
			sourceTree = "<group>";
		};
		C696A8A41C1CFC75000333DA /* ZHGameIOSUITests */ = {
			isa = PBXGroup;
			children = (
				C696A8A51C1CFC75000333DA /* ZHGameIOSUITests.swift */,
				C696A8A71C1CFC75000333DA /* Info.plist */,
			);
			path = ZHGameIOSUITests;
			sourceTree = "<group>";
		};
		C696A8B81C1CFC88000333DA /* ZHGameTVOS */ = {
			isa = PBXGroup;
			children = (
				C696A8B91C1CFC88000333DA /* AppDelegate.swift */,
				C696A8BB1C1CFC88000333DA /* ViewController.swift */,
				C696A8BD1C1CFC88000333DA /* Main.storyboard */,
				C696A8C01C1CFC88000333DA /* Assets.xcassets */,
				C696A8C21C1CFC88000333DA /* Info.plist */,
				C68165451C1E024A00E026EE /* ZHUserCollectionViewCell.swift */,
			);
			path = ZHGameTVOS;
			sourceTree = "<group>";
		};
		C696A8CA1C1CFC88000333DA /* ZHGameTVOSTests */ = {
			isa = PBXGroup;
			children = (
				C696A8CB1C1CFC88000333DA /* ZHGameTVOSTests.swift */,
				C696A8CD1C1CFC88000333DA /* Info.plist */,
			);
			path = ZHGameTVOSTests;
			sourceTree = "<group>";
		};
		C696A8D51C1CFC88000333DA /* ZHGameTVOSUITests */ = {
			isa = PBXGroup;
			children = (
				C696A8D61C1CFC88000333DA /* ZHGameTVOSUITests.swift */,
				C696A8D81C1CFC88000333DA /* Info.plist */,
			);
			path = ZHGameTVOSUITests;
			sourceTree = "<group>";
		};
		C696A8E21C1CFCD3000333DA /* ZHGameShared */ = {
			isa = PBXGroup;
			children = (
				C68165401C1DFF7B00E026EE /* Networking */,
				C68165411C1DFF8B00E026EE /* Model */,
			);
			path = ZHGameShared;
			sourceTree = "<group>";
		};
		C6F91A091C3F3B8900483FAD /* ZHGameOSX */ = {
			isa = PBXGroup;
			children = (
				C6F91A0A1C3F3B8900483FAD /* AppDelegate.swift */,
				C6F91A0C1C3F3B8900483FAD /* ViewController.swift */,
				C6F91A0E1C3F3B8900483FAD /* Assets.xcassets */,
				C6F91A101C3F3B8900483FAD /* Main.storyboard */,
				C6F91A131C3F3B8900483FAD /* Info.plist */,
			);
			path = ZHGameOSX;
			sourceTree = "<group>";
		};
		C6F91A1B1C3F3B8A00483FAD /* ZHGameOSXTests */ = {
			isa = PBXGroup;
			children = (
				C6F91A1C1C3F3B8A00483FAD /* ZHGameOSXTests.swift */,
				C6F91A1E1C3F3B8A00483FAD /* Info.plist */,
			);
			path = ZHGameOSXTests;
			sourceTree = "<group>";
		};
		C6F91A261C3F3B8A00483FAD /* ZHGameOSXUITests */ = {
			isa = PBXGroup;
			children = (
				C6F91A271C3F3B8A00483FAD /* ZHGameOSXUITests.swift */,
				C6F91A291C3F3B8A00483FAD /* Info.plist */,
			);
			path = ZHGameOSXUITests;
			sourceTree = "<group>";
		};
/* End PBXGroup section */

/* Begin PBXNativeTarget section */
		C696A8811C1CFC75000333DA /* ZHGameIOS */ = {
			isa = PBXNativeTarget;
			buildConfigurationList = C696A8AA1C1CFC75000333DA /* Build configuration list for PBXNativeTarget "ZHGameIOS" */;
			buildPhases = (
				ACDFF8369C0D2E5F67A279D7 /* Check Pods Manifest.lock */,
				C696A87E1C1CFC75000333DA /* Sources */,
				C696A87F1C1CFC75000333DA /* Frameworks */,
				C696A8801C1CFC75000333DA /* Resources */,
				93FB38BF61CA393F2EBF245C /* Embed Pods Frameworks */,
				6E1ED0CEDE0D6EF7974FEFCC /* Copy Pods Resources */,
			);
			buildRules = (
			);
			dependencies = (
			);
			name = ZHGameIOS;
			productName = ZHGameIOS;
			productReference = C696A8821C1CFC75000333DA /* ZHGameIOS.app */;
			productType = "com.apple.product-type.application";
		};
		C696A8951C1CFC75000333DA /* ZHGameIOSTests */ = {
			isa = PBXNativeTarget;
			buildConfigurationList = C696A8AD1C1CFC75000333DA /* Build configuration list for PBXNativeTarget "ZHGameIOSTests" */;
			buildPhases = (
				C696A8921C1CFC75000333DA /* Sources */,
				C696A8931C1CFC75000333DA /* Frameworks */,
				C696A8941C1CFC75000333DA /* Resources */,
			);
			buildRules = (
			);
			dependencies = (
				C696A8981C1CFC75000333DA /* PBXTargetDependency */,
			);
			name = ZHGameIOSTests;
			productName = ZHGameIOSTests;
			productReference = C696A8961C1CFC75000333DA /* ZHGameIOSTests.xctest */;
			productType = "com.apple.product-type.bundle.unit-test";
		};
		C696A8A01C1CFC75000333DA /* ZHGameIOSUITests */ = {
			isa = PBXNativeTarget;
			buildConfigurationList = C696A8B01C1CFC75000333DA /* Build configuration list for PBXNativeTarget "ZHGameIOSUITests" */;
			buildPhases = (
				C696A89D1C1CFC75000333DA /* Sources */,
				C696A89E1C1CFC75000333DA /* Frameworks */,
				C696A89F1C1CFC75000333DA /* Resources */,
			);
			buildRules = (
			);
			dependencies = (
				C696A8A31C1CFC75000333DA /* PBXTargetDependency */,
			);
			name = ZHGameIOSUITests;
			productName = ZHGameIOSUITests;
			productReference = C696A8A11C1CFC75000333DA /* ZHGameIOSUITests.xctest */;
			productType = "com.apple.product-type.bundle.ui-testing";
		};
		C696A8B61C1CFC88000333DA /* ZHGameTVOS */ = {
			isa = PBXNativeTarget;
			buildConfigurationList = C696A8D91C1CFC88000333DA /* Build configuration list for PBXNativeTarget "ZHGameTVOS" */;
			buildPhases = (
				C696A8B31C1CFC88000333DA /* Sources */,
				C696A8B41C1CFC88000333DA /* Frameworks */,
				C696A8B51C1CFC88000333DA /* Resources */,
			);
			buildRules = (
			);
			dependencies = (
			);
			name = ZHGameTVOS;
			productName = ZHGameTVOS;
			productReference = C696A8B71C1CFC88000333DA /* ZHGameTVOS.app */;
			productType = "com.apple.product-type.application";
		};
		C696A8C61C1CFC88000333DA /* ZHGameTVOSTests */ = {
			isa = PBXNativeTarget;
			buildConfigurationList = C696A8DC1C1CFC88000333DA /* Build configuration list for PBXNativeTarget "ZHGameTVOSTests" */;
			buildPhases = (
				C696A8C31C1CFC88000333DA /* Sources */,
				C696A8C41C1CFC88000333DA /* Frameworks */,
				C696A8C51C1CFC88000333DA /* Resources */,
			);
			buildRules = (
			);
			dependencies = (
				C696A8C91C1CFC88000333DA /* PBXTargetDependency */,
			);
			name = ZHGameTVOSTests;
			productName = ZHGameTVOSTests;
			productReference = C696A8C71C1CFC88000333DA /* ZHGameTVOSTests.xctest */;
			productType = "com.apple.product-type.bundle.unit-test";
		};
		C696A8D11C1CFC88000333DA /* ZHGameTVOSUITests */ = {
			isa = PBXNativeTarget;
			buildConfigurationList = C696A8DF1C1CFC88000333DA /* Build configuration list for PBXNativeTarget "ZHGameTVOSUITests" */;
			buildPhases = (
				C696A8CE1C1CFC88000333DA /* Sources */,
				C696A8CF1C1CFC88000333DA /* Frameworks */,
				C696A8D01C1CFC88000333DA /* Resources */,
			);
			buildRules = (
			);
			dependencies = (
				C696A8D41C1CFC88000333DA /* PBXTargetDependency */,
			);
			name = ZHGameTVOSUITests;
			productName = ZHGameTVOSUITests;
			productReference = C696A8D21C1CFC88000333DA /* ZHGameTVOSUITests.xctest */;
			productType = "com.apple.product-type.bundle.ui-testing";
		};
		C6F91A071C3F3B8900483FAD /* ZHGameOSX */ = {
			isa = PBXNativeTarget;
			buildConfigurationList = C6F91A301C3F3B8A00483FAD /* Build configuration list for PBXNativeTarget "ZHGameOSX" */;
			buildPhases = (
				C6F91A041C3F3B8900483FAD /* Sources */,
				C6F91A051C3F3B8900483FAD /* Frameworks */,
				C6F91A061C3F3B8900483FAD /* Resources */,
			);
			buildRules = (
			);
			dependencies = (
			);
			name = ZHGameOSX;
			productName = ZHGameOSX;
			productReference = C6F91A081C3F3B8900483FAD /* ZHGameOSX.app */;
			productType = "com.apple.product-type.application";
		};
		C6F91A171C3F3B8A00483FAD /* ZHGameOSXTests */ = {
			isa = PBXNativeTarget;
			buildConfigurationList = C6F91A311C3F3B8A00483FAD /* Build configuration list for PBXNativeTarget "ZHGameOSXTests" */;
			buildPhases = (
				C6F91A141C3F3B8A00483FAD /* Sources */,
				C6F91A151C3F3B8A00483FAD /* Frameworks */,
				C6F91A161C3F3B8A00483FAD /* Resources */,
			);
			buildRules = (
			);
			dependencies = (
				C6F91A1A1C3F3B8A00483FAD /* PBXTargetDependency */,
			);
			name = ZHGameOSXTests;
			productName = ZHGameOSXTests;
			productReference = C6F91A181C3F3B8A00483FAD /* ZHGameOSXTests.xctest */;
			productType = "com.apple.product-type.bundle.unit-test";
		};
		C6F91A221C3F3B8A00483FAD /* ZHGameOSXUITests */ = {
			isa = PBXNativeTarget;
			buildConfigurationList = C6F91A321C3F3B8A00483FAD /* Build configuration list for PBXNativeTarget "ZHGameOSXUITests" */;
			buildPhases = (
				C6F91A1F1C3F3B8A00483FAD /* Sources */,
				C6F91A201C3F3B8A00483FAD /* Frameworks */,
				C6F91A211C3F3B8A00483FAD /* Resources */,
			);
			buildRules = (
			);
			dependencies = (
				C6F91A251C3F3B8A00483FAD /* PBXTargetDependency */,
			);
			name = ZHGameOSXUITests;
			productName = ZHGameOSXUITests;
			productReference = C6F91A231C3F3B8A00483FAD /* ZHGameOSXUITests.xctest */;
			productType = "com.apple.product-type.bundle.ui-testing";
		};
/* End PBXNativeTarget section */

/* Begin PBXProject section */
		C696A87A1C1CFC75000333DA /* Project object */ = {
			isa = PBXProject;
			attributes = {
				LastSwiftUpdateCheck = 0720;
				LastUpgradeCheck = 0720;
				ORGANIZATIONNAME = "Zakk Hoyt";
				TargetAttributes = {
					C696A8811C1CFC75000333DA = {
						CreatedOnToolsVersion = 7.2;
					};
					C696A8951C1CFC75000333DA = {
						CreatedOnToolsVersion = 7.2;
						TestTargetID = C696A8811C1CFC75000333DA;
					};
					C696A8A01C1CFC75000333DA = {
						CreatedOnToolsVersion = 7.2;
						TestTargetID = C696A8811C1CFC75000333DA;
					};
					C696A8B61C1CFC88000333DA = {
						CreatedOnToolsVersion = 7.2;
					};
					C696A8C61C1CFC88000333DA = {
						CreatedOnToolsVersion = 7.2;
						TestTargetID = C696A8B61C1CFC88000333DA;
					};
					C696A8D11C1CFC88000333DA = {
						CreatedOnToolsVersion = 7.2;
						TestTargetID = C696A8B61C1CFC88000333DA;
					};
					C6F91A071C3F3B8900483FAD = {
						CreatedOnToolsVersion = 7.2;
					};
					C6F91A171C3F3B8A00483FAD = {
						CreatedOnToolsVersion = 7.2;
						TestTargetID = C6F91A071C3F3B8900483FAD;
					};
					C6F91A221C3F3B8A00483FAD = {
						CreatedOnToolsVersion = 7.2;
						TestTargetID = C6F91A071C3F3B8900483FAD;
					};
				};
			};
			buildConfigurationList = C696A87D1C1CFC75000333DA /* Build configuration list for PBXProject "ZHGameIOS" */;
			compatibilityVersion = "Xcode 3.2";
			developmentRegion = English;
			hasScannedForEncodings = 0;
			knownRegions = (
				en,
				Base,
			);
			mainGroup = C696A8791C1CFC75000333DA;
			productRefGroup = C696A8831C1CFC75000333DA /* Products */;
			projectDirPath = "";
			projectRoot = "";
			targets = (
				C696A8811C1CFC75000333DA /* ZHGameIOS */,
				C696A8951C1CFC75000333DA /* ZHGameIOSTests */,
				C696A8A01C1CFC75000333DA /* ZHGameIOSUITests */,
				C696A8B61C1CFC88000333DA /* ZHGameTVOS */,
				C696A8C61C1CFC88000333DA /* ZHGameTVOSTests */,
				C696A8D11C1CFC88000333DA /* ZHGameTVOSUITests */,
				C6F91A071C3F3B8900483FAD /* ZHGameOSX */,
				C6F91A171C3F3B8A00483FAD /* ZHGameOSXTests */,
				C6F91A221C3F3B8A00483FAD /* ZHGameOSXUITests */,
			);
		};
/* End PBXProject section */

/* Begin PBXResourcesBuildPhase section */
		C696A8801C1CFC75000333DA /* Resources */ = {
			isa = PBXResourcesBuildPhase;
			buildActionMask = 2147483647;
			files = (
				C696A8901C1CFC75000333DA /* LaunchScreen.storyboard in Resources */,
				C696A88D1C1CFC75000333DA /* Assets.xcassets in Resources */,
				C696A88B1C1CFC75000333DA /* Main.storyboard in Resources */,
			);
			runOnlyForDeploymentPostprocessing = 0;
		};
		C696A8941C1CFC75000333DA /* Resources */ = {
			isa = PBXResourcesBuildPhase;
			buildActionMask = 2147483647;
			files = (
			);
			runOnlyForDeploymentPostprocessing = 0;
		};
		C696A89F1C1CFC75000333DA /* Resources */ = {
			isa = PBXResourcesBuildPhase;
			buildActionMask = 2147483647;
			files = (
			);
			runOnlyForDeploymentPostprocessing = 0;
		};
		C696A8B51C1CFC88000333DA /* Resources */ = {
			isa = PBXResourcesBuildPhase;
			buildActionMask = 2147483647;
			files = (
				C696A8C11C1CFC88000333DA /* Assets.xcassets in Resources */,
				C696A8BF1C1CFC88000333DA /* Main.storyboard in Resources */,
				C681654B1C1F47D400E026EE /* links.txt in Resources */,
			);
			runOnlyForDeploymentPostprocessing = 0;
		};
		C696A8C51C1CFC88000333DA /* Resources */ = {
			isa = PBXResourcesBuildPhase;
			buildActionMask = 2147483647;
			files = (
			);
			runOnlyForDeploymentPostprocessing = 0;
		};
		C696A8D01C1CFC88000333DA /* Resources */ = {
			isa = PBXResourcesBuildPhase;
			buildActionMask = 2147483647;
			files = (
			);
			runOnlyForDeploymentPostprocessing = 0;
		};
		C6F91A061C3F3B8900483FAD /* Resources */ = {
			isa = PBXResourcesBuildPhase;
			buildActionMask = 2147483647;
			files = (
				C6F91A0F1C3F3B8900483FAD /* Assets.xcassets in Resources */,
				C6F91A121C3F3B8900483FAD /* Main.storyboard in Resources */,
			);
			runOnlyForDeploymentPostprocessing = 0;
		};
		C6F91A161C3F3B8A00483FAD /* Resources */ = {
			isa = PBXResourcesBuildPhase;
			buildActionMask = 2147483647;
			files = (
			);
			runOnlyForDeploymentPostprocessing = 0;
		};
		C6F91A211C3F3B8A00483FAD /* Resources */ = {
			isa = PBXResourcesBuildPhase;
			buildActionMask = 2147483647;
			files = (
			);
			runOnlyForDeploymentPostprocessing = 0;
		};
/* End PBXResourcesBuildPhase section */

/* Begin PBXShellScriptBuildPhase section */
		6E1ED0CEDE0D6EF7974FEFCC /* Copy Pods Resources */ = {
			isa = PBXShellScriptBuildPhase;
			buildActionMask = 2147483647;
			files = (
			);
			inputPaths = (
			);
			name = "Copy Pods Resources";
			outputPaths = (
			);
			runOnlyForDeploymentPostprocessing = 0;
			shellPath = /bin/sh;
			shellScript = "\"${SRCROOT}/Pods/Target Support Files/Pods/Pods-resources.sh\"\n";
			showEnvVarsInLog = 0;
		};
		93FB38BF61CA393F2EBF245C /* Embed Pods Frameworks */ = {
			isa = PBXShellScriptBuildPhase;
			buildActionMask = 2147483647;
			files = (
			);
			inputPaths = (
			);
			name = "Embed Pods Frameworks";
			outputPaths = (
			);
			runOnlyForDeploymentPostprocessing = 0;
			shellPath = /bin/sh;
			shellScript = "\"${SRCROOT}/Pods/Target Support Files/Pods/Pods-frameworks.sh\"\n";
			showEnvVarsInLog = 0;
		};
		ACDFF8369C0D2E5F67A279D7 /* Check Pods Manifest.lock */ = {
			isa = PBXShellScriptBuildPhase;
			buildActionMask = 2147483647;
			files = (
			);
			inputPaths = (
			);
			name = "Check Pods Manifest.lock";
			outputPaths = (
			);
			runOnlyForDeploymentPostprocessing = 0;
			shellPath = /bin/sh;
			shellScript = "diff \"${PODS_ROOT}/../Podfile.lock\" \"${PODS_ROOT}/Manifest.lock\" > /dev/null\nif [[ $? != 0 ]] ; then\n    cat << EOM\nerror: The sandbox is not in sync with the Podfile.lock. Run 'pod install' or update your CocoaPods installation.\nEOM\n    exit 1\nfi\n";
			showEnvVarsInLog = 0;
		};
/* End PBXShellScriptBuildPhase section */

/* Begin PBXSourcesBuildPhase section */
		C696A87E1C1CFC75000333DA /* Sources */ = {
			isa = PBXSourcesBuildPhase;
			buildActionMask = 2147483647;
			files = (
				C69843AA1C543FE100481220 /* ZHSessionUserInfoTransfer.swift in Sources */,
				C69843AC1C543FF400481220 /* ZHSessionFileTransfer.swift in Sources */,
				C6F91A3E1C3F662000483FAD /* ZHBonjourTCPClient.swift in Sources */,
				C696A8881C1CFC75000333DA /* ViewController.swift in Sources */,
				C69843B21C54799500481220 /* ZHSessionClient.swift in Sources */,
				C681653F1C1D363A00E026EE /* ZHUser.swift in Sources */,
				C6F91A441C3F696200483FAD /* ZHBonjourTCP.swift in Sources */,
				C696A8861C1CFC75000333DA /* AppDelegate.swift in Sources */,
				C69843A81C543DC900481220 /* ZHSession.swift in Sources */,
				C69843AE1C5477E600481220 /* ZHSessionFile.swift in Sources */,
				C6F91A3D1C3F662000483FAD /* ZHBonjourTCPServer.swift in Sources */,
			);
			runOnlyForDeploymentPostprocessing = 0;
		};
		C696A8921C1CFC75000333DA /* Sources */ = {
			isa = PBXSourcesBuildPhase;
			buildActionMask = 2147483647;
			files = (
				C696A89B1C1CFC75000333DA /* ZHGameIOSTests.swift in Sources */,
			);
			runOnlyForDeploymentPostprocessing = 0;
		};
		C696A89D1C1CFC75000333DA /* Sources */ = {
			isa = PBXSourcesBuildPhase;
			buildActionMask = 2147483647;
			files = (
				C696A8A61C1CFC75000333DA /* ZHGameIOSUITests.swift in Sources */,
			);
			runOnlyForDeploymentPostprocessing = 0;
		};
		C696A8B31C1CFC88000333DA /* Sources */ = {
			isa = PBXSourcesBuildPhase;
			buildActionMask = 2147483647;
			files = (
				C696A8BC1C1CFC88000333DA /* ViewController.swift in Sources */,
				C68165461C1E024A00E026EE /* ZHUserCollectionViewCell.swift in Sources */,
				C6F91A401C3F67C500483FAD /* ZHBonjourTCPClient.swift in Sources */,
				C696A8BA1C1CFC88000333DA /* AppDelegate.swift in Sources */,
				C6F91A3F1C3F67C500483FAD /* ZHBonjourTCPServer.swift in Sources */,
				C68165471C1E05C500E026EE /* ZHUser.swift in Sources */,
				C6F91A451C3F698100483FAD /* ZHBonjourTCP.swift in Sources */,
			);
			runOnlyForDeploymentPostprocessing = 0;
		};
		C696A8C31C1CFC88000333DA /* Sources */ = {
			isa = PBXSourcesBuildPhase;
			buildActionMask = 2147483647;
			files = (
				C696A8CC1C1CFC88000333DA /* ZHGameTVOSTests.swift in Sources */,
			);
			runOnlyForDeploymentPostprocessing = 0;
		};
		C696A8CE1C1CFC88000333DA /* Sources */ = {
			isa = PBXSourcesBuildPhase;
			buildActionMask = 2147483647;
			files = (
				C696A8D71C1CFC88000333DA /* ZHGameTVOSUITests.swift in Sources */,
			);
			runOnlyForDeploymentPostprocessing = 0;
		};
		C6F91A041C3F3B8900483FAD /* Sources */ = {
			isa = PBXSourcesBuildPhase;
			buildActionMask = 2147483647;
			files = (
				C6F91A421C3F67C600483FAD /* ZHBonjourTCPClient.swift in Sources */,
				C6F91A0D1C3F3B8900483FAD /* ViewController.swift in Sources */,
				C6F91A0B1C3F3B8900483FAD /* AppDelegate.swift in Sources */,
				C6F91A461C3F698200483FAD /* ZHBonjourTCP.swift in Sources */,
				C6F91A361C3F423F00483FAD /* ZHUser.swift in Sources */,
				C6F91A411C3F67C600483FAD /* ZHBonjourTCPServer.swift in Sources */,
			);
			runOnlyForDeploymentPostprocessing = 0;
		};
		C6F91A141C3F3B8A00483FAD /* Sources */ = {
			isa = PBXSourcesBuildPhase;
			buildActionMask = 2147483647;
			files = (
				C6F91A1D1C3F3B8A00483FAD /* ZHGameOSXTests.swift in Sources */,
			);
			runOnlyForDeploymentPostprocessing = 0;
		};
		C6F91A1F1C3F3B8A00483FAD /* Sources */ = {
			isa = PBXSourcesBuildPhase;
			buildActionMask = 2147483647;
			files = (
				C6F91A281C3F3B8A00483FAD /* ZHGameOSXUITests.swift in Sources */,
			);
			runOnlyForDeploymentPostprocessing = 0;
		};
/* End PBXSourcesBuildPhase section */

/* Begin PBXTargetDependency section */
		C696A8981C1CFC75000333DA /* PBXTargetDependency */ = {
			isa = PBXTargetDependency;
			target = C696A8811C1CFC75000333DA /* ZHGameIOS */;
			targetProxy = C696A8971C1CFC75000333DA /* PBXContainerItemProxy */;
		};
		C696A8A31C1CFC75000333DA /* PBXTargetDependency */ = {
			isa = PBXTargetDependency;
			target = C696A8811C1CFC75000333DA /* ZHGameIOS */;
			targetProxy = C696A8A21C1CFC75000333DA /* PBXContainerItemProxy */;
		};
		C696A8C91C1CFC88000333DA /* PBXTargetDependency */ = {
			isa = PBXTargetDependency;
			target = C696A8B61C1CFC88000333DA /* ZHGameTVOS */;
			targetProxy = C696A8C81C1CFC88000333DA /* PBXContainerItemProxy */;
		};
		C696A8D41C1CFC88000333DA /* PBXTargetDependency */ = {
			isa = PBXTargetDependency;
			target = C696A8B61C1CFC88000333DA /* ZHGameTVOS */;
			targetProxy = C696A8D31C1CFC88000333DA /* PBXContainerItemProxy */;
		};
		C6F91A1A1C3F3B8A00483FAD /* PBXTargetDependency */ = {
			isa = PBXTargetDependency;
			target = C6F91A071C3F3B8900483FAD /* ZHGameOSX */;
			targetProxy = C6F91A191C3F3B8A00483FAD /* PBXContainerItemProxy */;
		};
		C6F91A251C3F3B8A00483FAD /* PBXTargetDependency */ = {
			isa = PBXTargetDependency;
			target = C6F91A071C3F3B8900483FAD /* ZHGameOSX */;
			targetProxy = C6F91A241C3F3B8A00483FAD /* PBXContainerItemProxy */;
		};
/* End PBXTargetDependency section */

/* Begin PBXVariantGroup section */
		C696A8891C1CFC75000333DA /* Main.storyboard */ = {
			isa = PBXVariantGroup;
			children = (
				C696A88A1C1CFC75000333DA /* Base */,
			);
			name = Main.storyboard;
			sourceTree = "<group>";
		};
		C696A88E1C1CFC75000333DA /* LaunchScreen.storyboard */ = {
			isa = PBXVariantGroup;
			children = (
				C696A88F1C1CFC75000333DA /* Base */,
			);
			name = LaunchScreen.storyboard;
			sourceTree = "<group>";
		};
		C696A8BD1C1CFC88000333DA /* Main.storyboard */ = {
			isa = PBXVariantGroup;
			children = (
				C696A8BE1C1CFC88000333DA /* Base */,
			);
			name = Main.storyboard;
			sourceTree = "<group>";
		};
		C6F91A101C3F3B8900483FAD /* Main.storyboard */ = {
			isa = PBXVariantGroup;
			children = (
				C6F91A111C3F3B8900483FAD /* Base */,
			);
			name = Main.storyboard;
			sourceTree = "<group>";
		};
/* End PBXVariantGroup section */

/* Begin XCBuildConfiguration section */
		C696A8A81C1CFC75000333DA /* Debug */ = {
			isa = XCBuildConfiguration;
			buildSettings = {
				ALWAYS_SEARCH_USER_PATHS = NO;
				CLANG_CXX_LANGUAGE_STANDARD = "gnu++0x";
				CLANG_CXX_LIBRARY = "libc++";
				CLANG_ENABLE_MODULES = YES;
				CLANG_ENABLE_OBJC_ARC = YES;
				CLANG_WARN_BOOL_CONVERSION = YES;
				CLANG_WARN_CONSTANT_CONVERSION = YES;
				CLANG_WARN_DIRECT_OBJC_ISA_USAGE = YES_ERROR;
				CLANG_WARN_EMPTY_BODY = YES;
				CLANG_WARN_ENUM_CONVERSION = YES;
				CLANG_WARN_INT_CONVERSION = YES;
				CLANG_WARN_OBJC_ROOT_CLASS = YES_ERROR;
				CLANG_WARN_UNREACHABLE_CODE = YES;
				CLANG_WARN__DUPLICATE_METHOD_MATCH = YES;
				"CODE_SIGN_IDENTITY[sdk=iphoneos*]" = "iPhone Developer";
				COPY_PHASE_STRIP = NO;
				DEBUG_INFORMATION_FORMAT = dwarf;
				ENABLE_STRICT_OBJC_MSGSEND = YES;
				ENABLE_TESTABILITY = YES;
				GCC_C_LANGUAGE_STANDARD = gnu99;
				GCC_DYNAMIC_NO_PIC = NO;
				GCC_NO_COMMON_BLOCKS = YES;
				GCC_OPTIMIZATION_LEVEL = 0;
				GCC_PREPROCESSOR_DEFINITIONS = (
					"DEBUG=1",
					"$(inherited)",
				);
				GCC_WARN_64_TO_32_BIT_CONVERSION = YES;
				GCC_WARN_ABOUT_RETURN_TYPE = YES_ERROR;
				GCC_WARN_UNDECLARED_SELECTOR = YES;
				GCC_WARN_UNINITIALIZED_AUTOS = YES_AGGRESSIVE;
				GCC_WARN_UNUSED_FUNCTION = YES;
				GCC_WARN_UNUSED_VARIABLE = YES;
				IPHONEOS_DEPLOYMENT_TARGET = 9.2;
				MTL_ENABLE_DEBUG_INFO = YES;
				ONLY_ACTIVE_ARCH = YES;
				SDKROOT = iphoneos;
				SWIFT_OPTIMIZATION_LEVEL = "-Onone";
				TARGETED_DEVICE_FAMILY = "1,2";
			};
			name = Debug;
		};
		C696A8A91C1CFC75000333DA /* Release */ = {
			isa = XCBuildConfiguration;
			buildSettings = {
				ALWAYS_SEARCH_USER_PATHS = NO;
				CLANG_CXX_LANGUAGE_STANDARD = "gnu++0x";
				CLANG_CXX_LIBRARY = "libc++";
				CLANG_ENABLE_MODULES = YES;
				CLANG_ENABLE_OBJC_ARC = YES;
				CLANG_WARN_BOOL_CONVERSION = YES;
				CLANG_WARN_CONSTANT_CONVERSION = YES;
				CLANG_WARN_DIRECT_OBJC_ISA_USAGE = YES_ERROR;
				CLANG_WARN_EMPTY_BODY = YES;
				CLANG_WARN_ENUM_CONVERSION = YES;
				CLANG_WARN_INT_CONVERSION = YES;
				CLANG_WARN_OBJC_ROOT_CLASS = YES_ERROR;
				CLANG_WARN_UNREACHABLE_CODE = YES;
				CLANG_WARN__DUPLICATE_METHOD_MATCH = YES;
				"CODE_SIGN_IDENTITY[sdk=iphoneos*]" = "iPhone Developer";
				COPY_PHASE_STRIP = NO;
				DEBUG_INFORMATION_FORMAT = "dwarf-with-dsym";
				ENABLE_NS_ASSERTIONS = NO;
				ENABLE_STRICT_OBJC_MSGSEND = YES;
				GCC_C_LANGUAGE_STANDARD = gnu99;
				GCC_NO_COMMON_BLOCKS = YES;
				GCC_WARN_64_TO_32_BIT_CONVERSION = YES;
				GCC_WARN_ABOUT_RETURN_TYPE = YES_ERROR;
				GCC_WARN_UNDECLARED_SELECTOR = YES;
				GCC_WARN_UNINITIALIZED_AUTOS = YES_AGGRESSIVE;
				GCC_WARN_UNUSED_FUNCTION = YES;
				GCC_WARN_UNUSED_VARIABLE = YES;
				IPHONEOS_DEPLOYMENT_TARGET = 9.2;
				MTL_ENABLE_DEBUG_INFO = NO;
				SDKROOT = iphoneos;
				TARGETED_DEVICE_FAMILY = "1,2";
				VALIDATE_PRODUCT = YES;
			};
			name = Release;
		};
		C696A8AB1C1CFC75000333DA /* Debug */ = {
			isa = XCBuildConfiguration;
			baseConfigurationReference = 5101F19F93936F49FC316499 /* Pods.debug.xcconfig */;
			buildSettings = {
				ASSETCATALOG_COMPILER_APPICON_NAME = AppIcon;
				INFOPLIST_FILE = ZHGameIOS/Info.plist;
				IPHONEOS_DEPLOYMENT_TARGET = 9.0;
				LD_RUNPATH_SEARCH_PATHS = "$(inherited) @executable_path/Frameworks";
				PRODUCT_BUNDLE_IDENTIFIER = com.vaporwarewolf.ZHGameIOS;
				PRODUCT_NAME = "$(TARGET_NAME)";
			};
			name = Debug;
		};
		C696A8AC1C1CFC75000333DA /* Release */ = {
			isa = XCBuildConfiguration;
			baseConfigurationReference = 294369E0729BD0D981F6C62A /* Pods.release.xcconfig */;
			buildSettings = {
				ASSETCATALOG_COMPILER_APPICON_NAME = AppIcon;
				INFOPLIST_FILE = ZHGameIOS/Info.plist;
				IPHONEOS_DEPLOYMENT_TARGET = 9.0;
				LD_RUNPATH_SEARCH_PATHS = "$(inherited) @executable_path/Frameworks";
				PRODUCT_BUNDLE_IDENTIFIER = com.vaporwarewolf.ZHGameIOS;
				PRODUCT_NAME = "$(TARGET_NAME)";
			};
			name = Release;
		};
		C696A8AE1C1CFC75000333DA /* Debug */ = {
			isa = XCBuildConfiguration;
			buildSettings = {
				BUNDLE_LOADER = "$(TEST_HOST)";
				INFOPLIST_FILE = ZHGameIOSTests/Info.plist;
				LD_RUNPATH_SEARCH_PATHS = "$(inherited) @executable_path/Frameworks @loader_path/Frameworks";
				PRODUCT_BUNDLE_IDENTIFIER = com.vaporwarewolf.ZHGameIOSTests;
				PRODUCT_NAME = "$(TARGET_NAME)";
				TEST_HOST = "$(BUILT_PRODUCTS_DIR)/ZHGameIOS.app/ZHGameIOS";
			};
			name = Debug;
		};
		C696A8AF1C1CFC75000333DA /* Release */ = {
			isa = XCBuildConfiguration;
			buildSettings = {
				BUNDLE_LOADER = "$(TEST_HOST)";
				INFOPLIST_FILE = ZHGameIOSTests/Info.plist;
				LD_RUNPATH_SEARCH_PATHS = "$(inherited) @executable_path/Frameworks @loader_path/Frameworks";
				PRODUCT_BUNDLE_IDENTIFIER = com.vaporwarewolf.ZHGameIOSTests;
				PRODUCT_NAME = "$(TARGET_NAME)";
				TEST_HOST = "$(BUILT_PRODUCTS_DIR)/ZHGameIOS.app/ZHGameIOS";
			};
			name = Release;
		};
		C696A8B11C1CFC75000333DA /* Debug */ = {
			isa = XCBuildConfiguration;
			buildSettings = {
				INFOPLIST_FILE = ZHGameIOSUITests/Info.plist;
				LD_RUNPATH_SEARCH_PATHS = "$(inherited) @executable_path/Frameworks @loader_path/Frameworks";
				PRODUCT_BUNDLE_IDENTIFIER = com.vaporwarewolf.ZHGameIOSUITests;
				PRODUCT_NAME = "$(TARGET_NAME)";
				TEST_TARGET_NAME = ZHGameIOS;
				USES_XCTRUNNER = YES;
			};
			name = Debug;
		};
		C696A8B21C1CFC75000333DA /* Release */ = {
			isa = XCBuildConfiguration;
			buildSettings = {
				INFOPLIST_FILE = ZHGameIOSUITests/Info.plist;
				LD_RUNPATH_SEARCH_PATHS = "$(inherited) @executable_path/Frameworks @loader_path/Frameworks";
				PRODUCT_BUNDLE_IDENTIFIER = com.vaporwarewolf.ZHGameIOSUITests;
				PRODUCT_NAME = "$(TARGET_NAME)";
				TEST_TARGET_NAME = ZHGameIOS;
				USES_XCTRUNNER = YES;
			};
			name = Release;
		};
		C696A8DA1C1CFC88000333DA /* Debug */ = {
			isa = XCBuildConfiguration;
			buildSettings = {
				ASSETCATALOG_COMPILER_APPICON_NAME = "App Icon & Top Shelf Image";
				ASSETCATALOG_COMPILER_LAUNCHIMAGE_NAME = LaunchImage;
				INFOPLIST_FILE = ZHGameTVOS/Info.plist;
				LD_RUNPATH_SEARCH_PATHS = "$(inherited) @executable_path/Frameworks";
				PRODUCT_BUNDLE_IDENTIFIER = com.vaporwarewolf.ZHGameTVOS;
				PRODUCT_NAME = "$(TARGET_NAME)";
				SDKROOT = appletvos;
				TARGETED_DEVICE_FAMILY = 3;
				TVOS_DEPLOYMENT_TARGET = 9.0;
			};
			name = Debug;
		};
		C696A8DB1C1CFC88000333DA /* Release */ = {
			isa = XCBuildConfiguration;
			buildSettings = {
				ASSETCATALOG_COMPILER_APPICON_NAME = "App Icon & Top Shelf Image";
				ASSETCATALOG_COMPILER_LAUNCHIMAGE_NAME = LaunchImage;
				INFOPLIST_FILE = ZHGameTVOS/Info.plist;
				LD_RUNPATH_SEARCH_PATHS = "$(inherited) @executable_path/Frameworks";
				PRODUCT_BUNDLE_IDENTIFIER = com.vaporwarewolf.ZHGameTVOS;
				PRODUCT_NAME = "$(TARGET_NAME)";
				SDKROOT = appletvos;
				TARGETED_DEVICE_FAMILY = 3;
				TVOS_DEPLOYMENT_TARGET = 9.0;
			};
			name = Release;
		};
		C696A8DD1C1CFC88000333DA /* Debug */ = {
			isa = XCBuildConfiguration;
			buildSettings = {
				BUNDLE_LOADER = "$(TEST_HOST)";
				INFOPLIST_FILE = ZHGameTVOSTests/Info.plist;
				LD_RUNPATH_SEARCH_PATHS = "$(inherited) @executable_path/Frameworks @loader_path/Frameworks";
				PRODUCT_BUNDLE_IDENTIFIER = com.vaporwarewolf.ZHGameTVOSTests;
				PRODUCT_NAME = "$(TARGET_NAME)";
				SDKROOT = appletvos;
				TEST_HOST = "$(BUILT_PRODUCTS_DIR)/ZHGameTVOS.app/ZHGameTVOS";
				TVOS_DEPLOYMENT_TARGET = 9.1;
			};
			name = Debug;
		};
		C696A8DE1C1CFC88000333DA /* Release */ = {
			isa = XCBuildConfiguration;
			buildSettings = {
				BUNDLE_LOADER = "$(TEST_HOST)";
				INFOPLIST_FILE = ZHGameTVOSTests/Info.plist;
				LD_RUNPATH_SEARCH_PATHS = "$(inherited) @executable_path/Frameworks @loader_path/Frameworks";
				PRODUCT_BUNDLE_IDENTIFIER = com.vaporwarewolf.ZHGameTVOSTests;
				PRODUCT_NAME = "$(TARGET_NAME)";
				SDKROOT = appletvos;
				TEST_HOST = "$(BUILT_PRODUCTS_DIR)/ZHGameTVOS.app/ZHGameTVOS";
				TVOS_DEPLOYMENT_TARGET = 9.1;
			};
			name = Release;
		};
		C696A8E01C1CFC88000333DA /* Debug */ = {
			isa = XCBuildConfiguration;
			buildSettings = {
				INFOPLIST_FILE = ZHGameTVOSUITests/Info.plist;
				LD_RUNPATH_SEARCH_PATHS = "$(inherited) @executable_path/Frameworks @loader_path/Frameworks";
				PRODUCT_BUNDLE_IDENTIFIER = com.vaporwarewolf.ZHGameTVOSUITests;
				PRODUCT_NAME = "$(TARGET_NAME)";
				SDKROOT = appletvos;
				TEST_TARGET_NAME = ZHGameTVOS;
				TVOS_DEPLOYMENT_TARGET = 9.1;
				USES_XCTRUNNER = YES;
			};
			name = Debug;
		};
		C696A8E11C1CFC88000333DA /* Release */ = {
			isa = XCBuildConfiguration;
			buildSettings = {
				INFOPLIST_FILE = ZHGameTVOSUITests/Info.plist;
				LD_RUNPATH_SEARCH_PATHS = "$(inherited) @executable_path/Frameworks @loader_path/Frameworks";
				PRODUCT_BUNDLE_IDENTIFIER = com.vaporwarewolf.ZHGameTVOSUITests;
				PRODUCT_NAME = "$(TARGET_NAME)";
				SDKROOT = appletvos;
				TEST_TARGET_NAME = ZHGameTVOS;
				TVOS_DEPLOYMENT_TARGET = 9.1;
				USES_XCTRUNNER = YES;
			};
			name = Release;
		};
		C6F91A2A1C3F3B8A00483FAD /* Debug */ = {
			isa = XCBuildConfiguration;
			buildSettings = {
				ASSETCATALOG_COMPILER_APPICON_NAME = AppIcon;
				CODE_SIGN_IDENTITY = "-";
				COMBINE_HIDPI_IMAGES = YES;
				INFOPLIST_FILE = ZHGameOSX/Info.plist;
				LD_RUNPATH_SEARCH_PATHS = "$(inherited) @executable_path/../Frameworks";
				MACOSX_DEPLOYMENT_TARGET = 10.11;
				PRODUCT_BUNDLE_IDENTIFIER = com.vaporwarewolf.ZHGameOSX;
				PRODUCT_NAME = "$(TARGET_NAME)";
				SDKROOT = macosx;
			};
			name = Debug;
		};
		C6F91A2B1C3F3B8A00483FAD /* Release */ = {
			isa = XCBuildConfiguration;
			buildSettings = {
				ASSETCATALOG_COMPILER_APPICON_NAME = AppIcon;
				CODE_SIGN_IDENTITY = "-";
				COMBINE_HIDPI_IMAGES = YES;
				INFOPLIST_FILE = ZHGameOSX/Info.plist;
				LD_RUNPATH_SEARCH_PATHS = "$(inherited) @executable_path/../Frameworks";
				MACOSX_DEPLOYMENT_TARGET = 10.11;
				PRODUCT_BUNDLE_IDENTIFIER = com.vaporwarewolf.ZHGameOSX;
				PRODUCT_NAME = "$(TARGET_NAME)";
				SDKROOT = macosx;
			};
			name = Release;
		};
		C6F91A2C1C3F3B8A00483FAD /* Debug */ = {
			isa = XCBuildConfiguration;
			buildSettings = {
				BUNDLE_LOADER = "$(TEST_HOST)";
				CODE_SIGN_IDENTITY = "-";
				COMBINE_HIDPI_IMAGES = YES;
				INFOPLIST_FILE = ZHGameOSXTests/Info.plist;
				LD_RUNPATH_SEARCH_PATHS = "$(inherited) @executable_path/../Frameworks @loader_path/../Frameworks";
				MACOSX_DEPLOYMENT_TARGET = 10.11;
				PRODUCT_BUNDLE_IDENTIFIER = com.vaporwarewolf.ZHGameOSXTests;
				PRODUCT_NAME = "$(TARGET_NAME)";
				SDKROOT = macosx;
				TEST_HOST = "$(BUILT_PRODUCTS_DIR)/ZHGameOSX.app/Contents/MacOS/ZHGameOSX";
			};
			name = Debug;
		};
		C6F91A2D1C3F3B8A00483FAD /* Release */ = {
			isa = XCBuildConfiguration;
			buildSettings = {
				BUNDLE_LOADER = "$(TEST_HOST)";
				CODE_SIGN_IDENTITY = "-";
				COMBINE_HIDPI_IMAGES = YES;
				INFOPLIST_FILE = ZHGameOSXTests/Info.plist;
				LD_RUNPATH_SEARCH_PATHS = "$(inherited) @executable_path/../Frameworks @loader_path/../Frameworks";
				MACOSX_DEPLOYMENT_TARGET = 10.11;
				PRODUCT_BUNDLE_IDENTIFIER = com.vaporwarewolf.ZHGameOSXTests;
				PRODUCT_NAME = "$(TARGET_NAME)";
				SDKROOT = macosx;
				TEST_HOST = "$(BUILT_PRODUCTS_DIR)/ZHGameOSX.app/Contents/MacOS/ZHGameOSX";
			};
			name = Release;
		};
		C6F91A2E1C3F3B8A00483FAD /* Debug */ = {
			isa = XCBuildConfiguration;
			buildSettings = {
				CODE_SIGN_IDENTITY = "-";
				COMBINE_HIDPI_IMAGES = YES;
				INFOPLIST_FILE = ZHGameOSXUITests/Info.plist;
				LD_RUNPATH_SEARCH_PATHS = "$(inherited) @executable_path/../Frameworks @loader_path/../Frameworks";
				MACOSX_DEPLOYMENT_TARGET = 10.11;
				PRODUCT_BUNDLE_IDENTIFIER = com.vaporwarewolf.ZHGameOSXUITests;
				PRODUCT_NAME = "$(TARGET_NAME)";
				SDKROOT = macosx;
				TEST_TARGET_NAME = ZHGameOSX;
				USES_XCTRUNNER = YES;
			};
			name = Debug;
		};
		C6F91A2F1C3F3B8A00483FAD /* Release */ = {
			isa = XCBuildConfiguration;
			buildSettings = {
				CODE_SIGN_IDENTITY = "-";
				COMBINE_HIDPI_IMAGES = YES;
				INFOPLIST_FILE = ZHGameOSXUITests/Info.plist;
				LD_RUNPATH_SEARCH_PATHS = "$(inherited) @executable_path/../Frameworks @loader_path/../Frameworks";
				MACOSX_DEPLOYMENT_TARGET = 10.11;
				PRODUCT_BUNDLE_IDENTIFIER = com.vaporwarewolf.ZHGameOSXUITests;
				PRODUCT_NAME = "$(TARGET_NAME)";
				SDKROOT = macosx;
				TEST_TARGET_NAME = ZHGameOSX;
				USES_XCTRUNNER = YES;
			};
			name = Release;
		};
/* End XCBuildConfiguration section */

/* Begin XCConfigurationList section */
		C696A87D1C1CFC75000333DA /* Build configuration list for PBXProject "ZHGameIOS" */ = {
			isa = XCConfigurationList;
			buildConfigurations = (
				C696A8A81C1CFC75000333DA /* Debug */,
				C696A8A91C1CFC75000333DA /* Release */,
			);
			defaultConfigurationIsVisible = 0;
			defaultConfigurationName = Release;
		};
		C696A8AA1C1CFC75000333DA /* Build configuration list for PBXNativeTarget "ZHGameIOS" */ = {
			isa = XCConfigurationList;
			buildConfigurations = (
				C696A8AB1C1CFC75000333DA /* Debug */,
				C696A8AC1C1CFC75000333DA /* Release */,
			);
			defaultConfigurationIsVisible = 0;
			defaultConfigurationName = Release;
		};
		C696A8AD1C1CFC75000333DA /* Build configuration list for PBXNativeTarget "ZHGameIOSTests" */ = {
			isa = XCConfigurationList;
			buildConfigurations = (
				C696A8AE1C1CFC75000333DA /* Debug */,
				C696A8AF1C1CFC75000333DA /* Release */,
			);
			defaultConfigurationIsVisible = 0;
			defaultConfigurationName = Release;
		};
		C696A8B01C1CFC75000333DA /* Build configuration list for PBXNativeTarget "ZHGameIOSUITests" */ = {
			isa = XCConfigurationList;
			buildConfigurations = (
				C696A8B11C1CFC75000333DA /* Debug */,
				C696A8B21C1CFC75000333DA /* Release */,
			);
			defaultConfigurationIsVisible = 0;
			defaultConfigurationName = Release;
		};
		C696A8D91C1CFC88000333DA /* Build configuration list for PBXNativeTarget "ZHGameTVOS" */ = {
			isa = XCConfigurationList;
			buildConfigurations = (
				C696A8DA1C1CFC88000333DA /* Debug */,
				C696A8DB1C1CFC88000333DA /* Release */,
			);
			defaultConfigurationIsVisible = 0;
			defaultConfigurationName = Release;
		};
		C696A8DC1C1CFC88000333DA /* Build configuration list for PBXNativeTarget "ZHGameTVOSTests" */ = {
			isa = XCConfigurationList;
			buildConfigurations = (
				C696A8DD1C1CFC88000333DA /* Debug */,
				C696A8DE1C1CFC88000333DA /* Release */,
			);
			defaultConfigurationIsVisible = 0;
			defaultConfigurationName = Release;
		};
		C696A8DF1C1CFC88000333DA /* Build configuration list for PBXNativeTarget "ZHGameTVOSUITests" */ = {
			isa = XCConfigurationList;
			buildConfigurations = (
				C696A8E01C1CFC88000333DA /* Debug */,
				C696A8E11C1CFC88000333DA /* Release */,
			);
			defaultConfigurationIsVisible = 0;
			defaultConfigurationName = Release;
		};
		C6F91A301C3F3B8A00483FAD /* Build configuration list for PBXNativeTarget "ZHGameOSX" */ = {
			isa = XCConfigurationList;
			buildConfigurations = (
				C6F91A2A1C3F3B8A00483FAD /* Debug */,
				C6F91A2B1C3F3B8A00483FAD /* Release */,
			);
			defaultConfigurationIsVisible = 0;
			defaultConfigurationName = Release;
		};
		C6F91A311C3F3B8A00483FAD /* Build configuration list for PBXNativeTarget "ZHGameOSXTests" */ = {
			isa = XCConfigurationList;
			buildConfigurations = (
				C6F91A2C1C3F3B8A00483FAD /* Debug */,
				C6F91A2D1C3F3B8A00483FAD /* Release */,
			);
			defaultConfigurationIsVisible = 0;
			defaultConfigurationName = Release;
		};
		C6F91A321C3F3B8A00483FAD /* Build configuration list for PBXNativeTarget "ZHGameOSXUITests" */ = {
			isa = XCConfigurationList;
			buildConfigurations = (
				C6F91A2E1C3F3B8A00483FAD /* Debug */,
				C6F91A2F1C3F3B8A00483FAD /* Release */,
			);
			defaultConfigurationIsVisible = 0;
			defaultConfigurationName = Release;
		};
/* End XCConfigurationList section */
	};
	rootObject = C696A87A1C1CFC75000333DA /* Project object */;
}
